// !$*UTF8*$!
{
	archiveVersion = 1;
	classes = {
	};
	objectVersion = 52;
	objects = {

/* Begin PBXBuildFile section */
		74CA325725FDEC7D005813FF /* SwiftyJSON in Frameworks */ = {isa = PBXBuildFile; productRef = 74CA325625FDEC7D005813FF /* SwiftyJSON */; };
		FD6A1FCA217C72C6006B10AC /* AppDelegate.swift in Sources */ = {isa = PBXBuildFile; fileRef = FD6A1FC9217C72C6006B10AC /* AppDelegate.swift */; };
		FD6A1FCF217C72C6006B10AC /* Main.storyboard in Resources */ = {isa = PBXBuildFile; fileRef = FD6A1FCD217C72C6006B10AC /* Main.storyboard */; };
		FD6A1FD1217C72C9006B10AC /* Assets.xcassets in Resources */ = {isa = PBXBuildFile; fileRef = FD6A1FD0217C72C9006B10AC /* Assets.xcassets */; };
		FD6A1FD4217C72C9006B10AC /* LaunchScreen.storyboard in Resources */ = {isa = PBXBuildFile; fileRef = FD6A1FD2217C72C9006B10AC /* LaunchScreen.storyboard */; };
		FD934A40217E2753001B5B4F /* ArticleListViewController.swift in Sources */ = {isa = PBXBuildFile; fileRef = FD934A3F217E2753001B5B4F /* ArticleListViewController.swift */; };
		FD934A42217F8EF7001B5B4F /* ArticleListViewCell.xib in Resources */ = {isa = PBXBuildFile; fileRef = FD934A41217F8EF7001B5B4F /* ArticleListViewCell.xib */; };
		FD934A46217F90CC001B5B4F /* ArticleListViewCell.swift in Sources */ = {isa = PBXBuildFile; fileRef = FD934A45217F90CC001B5B4F /* ArticleListViewCell.swift */; };
		FDC35E072187646700CEB14C /* TagListViewController.swift in Sources */ = {isa = PBXBuildFile; fileRef = FDC35E062187646700CEB14C /* TagListViewController.swift */; };
		FDC35E092188CBDC00CEB14C /* TagListCollectionViewCell.swift in Sources */ = {isa = PBXBuildFile; fileRef = FDC35E082188CBDC00CEB14C /* TagListCollectionViewCell.swift */; };
		FDC904032185FBE3000EC382 /* ArticleWebViewController.swift in Sources */ = {isa = PBXBuildFile; fileRef = FDC904022185FBE3000EC382 /* ArticleWebViewController.swift */; };
/* End PBXBuildFile section */

/* Begin PBXFileReference section */
		FD6A1FC6217C72C6006B10AC /* Xcode10Test.app */ = {isa = PBXFileReference; explicitFileType = wrapper.application; includeInIndex = 0; path = Xcode10Test.app; sourceTree = BUILT_PRODUCTS_DIR; };
		FD6A1FC9217C72C6006B10AC /* AppDelegate.swift */ = {isa = PBXFileReference; lastKnownFileType = sourcecode.swift; path = AppDelegate.swift; sourceTree = "<group>"; };
		FD6A1FCE217C72C6006B10AC /* Base */ = {isa = PBXFileReference; lastKnownFileType = file.storyboard; name = Base; path = Base.lproj/Main.storyboard; sourceTree = "<group>"; };
		FD6A1FD0217C72C9006B10AC /* Assets.xcassets */ = {isa = PBXFileReference; lastKnownFileType = folder.assetcatalog; path = Assets.xcassets; sourceTree = "<group>"; };
		FD6A1FD3217C72C9006B10AC /* Base */ = {isa = PBXFileReference; lastKnownFileType = file.storyboard; name = Base; path = Base.lproj/LaunchScreen.storyboard; sourceTree = "<group>"; };
		FD6A1FD5217C72C9006B10AC /* Info.plist */ = {isa = PBXFileReference; lastKnownFileType = text.plist.xml; path = Info.plist; sourceTree = "<group>"; };
		FD934A3F217E2753001B5B4F /* ArticleListViewController.swift */ = {isa = PBXFileReference; lastKnownFileType = sourcecode.swift; path = ArticleListViewController.swift; sourceTree = "<group>"; };
		FD934A41217F8EF7001B5B4F /* ArticleListViewCell.xib */ = {isa = PBXFileReference; lastKnownFileType = file.xib; path = ArticleListViewCell.xib; sourceTree = "<group>"; };
		FD934A45217F90CC001B5B4F /* ArticleListViewCell.swift */ = {isa = PBXFileReference; lastKnownFileType = sourcecode.swift; path = ArticleListViewCell.swift; sourceTree = "<group>"; };
		FDC35E062187646700CEB14C /* TagListViewController.swift */ = {isa = PBXFileReference; lastKnownFileType = sourcecode.swift; path = TagListViewController.swift; sourceTree = "<group>"; };
		FDC35E082188CBDC00CEB14C /* TagListCollectionViewCell.swift */ = {isa = PBXFileReference; lastKnownFileType = sourcecode.swift; path = TagListCollectionViewCell.swift; sourceTree = "<group>"; };
		FDC904022185FBE3000EC382 /* ArticleWebViewController.swift */ = {isa = PBXFileReference; lastKnownFileType = sourcecode.swift; path = ArticleWebViewController.swift; sourceTree = "<group>"; };
/* End PBXFileReference section */

/* Begin PBXFrameworksBuildPhase section */
		FD6A1FC3217C72C6006B10AC /* Frameworks */ = {
			isa = PBXFrameworksBuildPhase;
			buildActionMask = 2147483647;
			files = (
				74CA325725FDEC7D005813FF /* SwiftyJSON in Frameworks */,
			);
			runOnlyForDeploymentPostprocessing = 0;
		};
/* End PBXFrameworksBuildPhase section */

/* Begin PBXGroup section */
		FD6A1FBD217C72C6006B10AC = {
			isa = PBXGroup;
			children = (
				FD6A1FC8217C72C6006B10AC /* Xcode10Test */,
				FD6A1FC7217C72C6006B10AC /* Products */,
			);
			sourceTree = "<group>";
		};
		FD6A1FC7217C72C6006B10AC /* Products */ = {
			isa = PBXGroup;
			children = (
				FD6A1FC6217C72C6006B10AC /* Xcode10Test.app */,
			);
			name = Products;
			sourceTree = "<group>";
		};
		FD6A1FC8217C72C6006B10AC /* Xcode10Test */ = {
			isa = PBXGroup;
			children = (
				FD6A1FCD217C72C6006B10AC /* Main.storyboard */,
				FD6A1FC9217C72C6006B10AC /* AppDelegate.swift */,
				FDC35E062187646700CEB14C /* TagListViewController.swift */,
				FDC35E082188CBDC00CEB14C /* TagListCollectionViewCell.swift */,
				FD934A3F217E2753001B5B4F /* ArticleListViewController.swift */,
				FD934A45217F90CC001B5B4F /* ArticleListViewCell.swift */,
				FD934A41217F8EF7001B5B4F /* ArticleListViewCell.xib */,
				FDC904022185FBE3000EC382 /* ArticleWebViewController.swift */,
				FD6A1FD0217C72C9006B10AC /* Assets.xcassets */,
				FD6A1FD2217C72C9006B10AC /* LaunchScreen.storyboard */,
				FD6A1FD5217C72C9006B10AC /* Info.plist */,
			);
			path = Xcode10Test;
			sourceTree = "<group>";
		};
/* End PBXGroup section */

/* Begin PBXNativeTarget section */
		FD6A1FC5217C72C6006B10AC /* Xcode10Test */ = {
			isa = PBXNativeTarget;
			buildConfigurationList = FD6A1FD8217C72C9006B10AC /* Build configuration list for PBXNativeTarget "Xcode10Test" */;
			buildPhases = (
				FD6A1FC2217C72C6006B10AC /* Sources */,
				FD6A1FC3217C72C6006B10AC /* Frameworks */,
				FD6A1FC4217C72C6006B10AC /* Resources */,
			);
			buildRules = (
			);
			dependencies = (
			);
			name = Xcode10Test;
			packageProductDependencies = (
				74CA325625FDEC7D005813FF /* SwiftyJSON */,
			);
			productName = Xcode10Test;
			productReference = FD6A1FC6217C72C6006B10AC /* Xcode10Test.app */;
			productType = "com.apple.product-type.application";
		};
/* End PBXNativeTarget section */

/* Begin PBXProject section */
		FD6A1FBE217C72C6006B10AC /* Project object */ = {
			isa = PBXProject;
			attributes = {
				LastSwiftUpdateCheck = 1000;
				LastUpgradeCheck = 1000;
				ORGANIZATIONNAME = "atsushi igarashi";
				TargetAttributes = {
					FD6A1FC5217C72C6006B10AC = {
						CreatedOnToolsVersion = 10.0;
					};
				};
			};
			buildConfigurationList = FD6A1FC1217C72C6006B10AC /* Build configuration list for PBXProject "Xcode10Test" */;
			compatibilityVersion = "Xcode 9.3";
			developmentRegion = en;
			hasScannedForEncodings = 0;
			knownRegions = (
				en,
				Base,
			);
			mainGroup = FD6A1FBD217C72C6006B10AC;
			packageReferences = (
				74CA325525FDEC7D005813FF /* XCRemoteSwiftPackageReference "SwiftyJSON" */,
			);
			productRefGroup = FD6A1FC7217C72C6006B10AC /* Products */;
			projectDirPath = "";
			projectRoot = "";
			targets = (
				FD6A1FC5217C72C6006B10AC /* Xcode10Test */,
			);
		};
/* End PBXProject section */

/* Begin PBXResourcesBuildPhase section */
		FD6A1FC4217C72C6006B10AC /* Resources */ = {
			isa = PBXResourcesBuildPhase;
			buildActionMask = 2147483647;
			files = (
				FD6A1FD4217C72C9006B10AC /* LaunchScreen.storyboard in Resources */,
				FD6A1FD1217C72C9006B10AC /* Assets.xcassets in Resources */,
				FD934A42217F8EF7001B5B4F /* ArticleListViewCell.xib in Resources */,
				FD6A1FCF217C72C6006B10AC /* Main.storyboard in Resources */,
			);
			runOnlyForDeploymentPostprocessing = 0;
		};
/* End PBXResourcesBuildPhase section */

/* Begin PBXSourcesBuildPhase section */
		FD6A1FC2217C72C6006B10AC /* Sources */ = {
			isa = PBXSourcesBuildPhase;
			buildActionMask = 2147483647;
			files = (
				FDC35E092188CBDC00CEB14C /* TagListCollectionViewCell.swift in Sources */,
				FD934A46217F90CC001B5B4F /* ArticleListViewCell.swift in Sources */,
				FD934A40217E2753001B5B4F /* ArticleListViewController.swift in Sources */,
				FDC904032185FBE3000EC382 /* ArticleWebViewController.swift in Sources */,
				FDC35E072187646700CEB14C /* TagListViewController.swift in Sources */,
				FD6A1FCA217C72C6006B10AC /* AppDelegate.swift in Sources */,
			);
			runOnlyForDeploymentPostprocessing = 0;
		};
/* End PBXSourcesBuildPhase section */

/* Begin PBXVariantGroup section */
		FD6A1FCD217C72C6006B10AC /* Main.storyboard */ = {
			isa = PBXVariantGroup;
			children = (
				FD6A1FCE217C72C6006B10AC /* Base */,
			);
			name = Main.storyboard;
			sourceTree = "<group>";
		};
		FD6A1FD2217C72C9006B10AC /* LaunchScreen.storyboard */ = {
			isa = PBXVariantGroup;
			children = (
				FD6A1FD3217C72C9006B10AC /* Base */,
			);
			name = LaunchScreen.storyboard;
			sourceTree = "<group>";
		};
/* End PBXVariantGroup section */

/* Begin XCBuildConfiguration section */
		FD6A1FD6217C72C9006B10AC /* Debug */ = {
			isa = XCBuildConfiguration;
			buildSettings = {
				ALWAYS_SEARCH_USER_PATHS = NO;
				CLANG_ANALYZER_NONNULL = YES;
				CLANG_ANALYZER_NUMBER_OBJECT_CONVERSION = YES_AGGRESSIVE;
				CLANG_CXX_LANGUAGE_STANDARD = "gnu++14";
				CLANG_CXX_LIBRARY = "libc++";
				CLANG_ENABLE_MODULES = YES;
				CLANG_ENABLE_OBJC_ARC = YES;
				CLANG_ENABLE_OBJC_WEAK = YES;
				CLANG_WARN_BLOCK_CAPTURE_AUTORELEASING = YES;
				CLANG_WARN_BOOL_CONVERSION = YES;
				CLANG_WARN_COMMA = YES;
				CLANG_WARN_CONSTANT_CONVERSION = YES;
				CLANG_WARN_DEPRECATED_OBJC_IMPLEMENTATIONS = YES;
				CLANG_WARN_DIRECT_OBJC_ISA_USAGE = YES_ERROR;
				CLANG_WARN_DOCUMENTATION_COMMENTS = YES;
				CLANG_WARN_EMPTY_BODY = YES;
				CLANG_WARN_ENUM_CONVERSION = YES;
				CLANG_WARN_INFINITE_RECURSION = YES;
				CLANG_WARN_INT_CONVERSION = YES;
				CLANG_WARN_NON_LITERAL_NULL_CONVERSION = YES;
				CLANG_WARN_OBJC_IMPLICIT_RETAIN_SELF = YES;
				CLANG_WARN_OBJC_LITERAL_CONVERSION = YES;
				CLANG_WARN_OBJC_ROOT_CLASS = YES_ERROR;
				CLANG_WARN_RANGE_LOOP_ANALYSIS = YES;
				CLANG_WARN_STRICT_PROTOTYPES = YES;
				CLANG_WARN_SUSPICIOUS_MOVE = YES;
				CLANG_WARN_UNGUARDED_AVAILABILITY = YES_AGGRESSIVE;
				CLANG_WARN_UNREACHABLE_CODE = YES;
				CLANG_WARN__DUPLICATE_METHOD_MATCH = YES;
				CODE_SIGN_IDENTITY = "iPhone Developer";
				COPY_PHASE_STRIP = NO;
				DEBUG_INFORMATION_FORMAT = dwarf;
				ENABLE_STRICT_OBJC_MSGSEND = YES;
				ENABLE_TESTABILITY = YES;
				GCC_C_LANGUAGE_STANDARD = gnu11;
				GCC_DYNAMIC_NO_PIC = NO;
				GCC_NO_COMMON_BLOCKS = YES;
				GCC_OPTIMIZATION_LEVEL = 0;
				GCC_PREPROCESSOR_DEFINITIONS = (
					"DEBUG=1",
					"$(inherited)",
				);
				GCC_WARN_64_TO_32_BIT_CONVERSION = YES;
				GCC_WARN_ABOUT_RETURN_TYPE = YES_ERROR;
				GCC_WARN_UNDECLARED_SELECTOR = YES;
				GCC_WARN_UNINITIALIZED_AUTOS = YES_AGGRESSIVE;
				GCC_WARN_UNUSED_FUNCTION = YES;
				GCC_WARN_UNUSED_VARIABLE = YES;
				IPHONEOS_DEPLOYMENT_TARGET = 12.0;
				MTL_ENABLE_DEBUG_INFO = INCLUDE_SOURCE;
				MTL_FAST_MATH = YES;
				ONLY_ACTIVE_ARCH = YES;
				SDKROOT = iphoneos;
				SWIFT_ACTIVE_COMPILATION_CONDITIONS = DEBUG;
				SWIFT_OPTIMIZATION_LEVEL = "-Onone";
			};
			name = Debug;
		};
		FD6A1FD7217C72C9006B10AC /* Release */ = {
			isa = XCBuildConfiguration;
			buildSettings = {
				ALWAYS_SEARCH_USER_PATHS = NO;
				CLANG_ANALYZER_NONNULL = YES;
				CLANG_ANALYZER_NUMBER_OBJECT_CONVERSION = YES_AGGRESSIVE;
				CLANG_CXX_LANGUAGE_STANDARD = "gnu++14";
				CLANG_CXX_LIBRARY = "libc++";
				CLANG_ENABLE_MODULES = YES;
				CLANG_ENABLE_OBJC_ARC = YES;
				CLANG_ENABLE_OBJC_WEAK = YES;
				CLANG_WARN_BLOCK_CAPTURE_AUTORELEASING = YES;
				CLANG_WARN_BOOL_CONVERSION = YES;
				CLANG_WARN_COMMA = YES;
				CLANG_WARN_CONSTANT_CONVERSION = YES;
				CLANG_WARN_DEPRECATED_OBJC_IMPLEMENTATIONS = YES;
				CLANG_WARN_DIRECT_OBJC_ISA_USAGE = YES_ERROR;
				CLANG_WARN_DOCUMENTATION_COMMENTS = YES;
				CLANG_WARN_EMPTY_BODY = YES;
				CLANG_WARN_ENUM_CONVERSION = YES;
				CLANG_WARN_INFINITE_RECURSION = YES;
				CLANG_WARN_INT_CONVERSION = YES;
				CLANG_WARN_NON_LITERAL_NULL_CONVERSION = YES;
				CLANG_WARN_OBJC_IMPLICIT_RETAIN_SELF = YES;
				CLANG_WARN_OBJC_LITERAL_CONVERSION = YES;
				CLANG_WARN_OBJC_ROOT_CLASS = YES_ERROR;
				CLANG_WARN_RANGE_LOOP_ANALYSIS = YES;
				CLANG_WARN_STRICT_PROTOTYPES = YES;
				CLANG_WARN_SUSPICIOUS_MOVE = YES;
				CLANG_WARN_UNGUARDED_AVAILABILITY = YES_AGGRESSIVE;
				CLANG_WARN_UNREACHABLE_CODE = YES;
				CLANG_WARN__DUPLICATE_METHOD_MATCH = YES;
				CODE_SIGN_IDENTITY = "iPhone Developer";
				COPY_PHASE_STRIP = NO;
				DEBUG_INFORMATION_FORMAT = "dwarf-with-dsym";
				ENABLE_NS_ASSERTIONS = NO;
				ENABLE_STRICT_OBJC_MSGSEND = YES;
				GCC_C_LANGUAGE_STANDARD = gnu11;
				GCC_NO_COMMON_BLOCKS = YES;
				GCC_WARN_64_TO_32_BIT_CONVERSION = YES;
				GCC_WARN_ABOUT_RETURN_TYPE = YES_ERROR;
				GCC_WARN_UNDECLARED_SELECTOR = YES;
				GCC_WARN_UNINITIALIZED_AUTOS = YES_AGGRESSIVE;
				GCC_WARN_UNUSED_FUNCTION = YES;
				GCC_WARN_UNUSED_VARIABLE = YES;
				IPHONEOS_DEPLOYMENT_TARGET = 12.0;
				MTL_ENABLE_DEBUG_INFO = NO;
				MTL_FAST_MATH = YES;
				SDKROOT = iphoneos;
				SWIFT_COMPILATION_MODE = wholemodule;
				SWIFT_OPTIMIZATION_LEVEL = "-O";
				VALIDATE_PRODUCT = YES;
			};
			name = Release;
		};
		FD6A1FD9217C72C9006B10AC /* Debug */ = {
			isa = XCBuildConfiguration;
			buildSettings = {
				ASSETCATALOG_COMPILER_APPICON_NAME = AppIcon;
				CODE_SIGN_STYLE = Automatic;
				INFOPLIST_FILE = Xcode10Test/Info.plist;
				LD_RUNPATH_SEARCH_PATHS = (
					"$(inherited)",
					"@executable_path/Frameworks",
				);
				PRODUCT_BUNDLE_IDENTIFIER = "com.atsushi-igarashi.Xcode10Test";
				PRODUCT_NAME = "$(TARGET_NAME)";
				SWIFT_VERSION = 4.2;
				TARGETED_DEVICE_FAMILY = "1,2";
			};
			name = Debug;
		};
		FD6A1FDA217C72C9006B10AC /* Release */ = {
			isa = XCBuildConfiguration;
			buildSettings = {
				ASSETCATALOG_COMPILER_APPICON_NAME = AppIcon;
				CODE_SIGN_STYLE = Automatic;
				INFOPLIST_FILE = Xcode10Test/Info.plist;
				LD_RUNPATH_SEARCH_PATHS = (
					"$(inherited)",
					"@executable_path/Frameworks",
				);
				PRODUCT_BUNDLE_IDENTIFIER = "com.atsushi-igarashi.Xcode10Test";
				PRODUCT_NAME = "$(TARGET_NAME)";
				SWIFT_VERSION = 4.2;
				TARGETED_DEVICE_FAMILY = "1,2";
			};
			name = Release;
		};
/* End XCBuildConfiguration section */

/* Begin XCConfigurationList section */
		FD6A1FC1217C72C6006B10AC /* Build configuration list for PBXProject "Xcode10Test" */ = {
			isa = XCConfigurationList;
			buildConfigurations = (
				FD6A1FD6217C72C9006B10AC /* Debug */,
				FD6A1FD7217C72C9006B10AC /* Release */,
			);
			defaultConfigurationIsVisible = 0;
			defaultConfigurationName = Release;
		};
		FD6A1FD8217C72C9006B10AC /* Build configuration list for PBXNativeTarget "Xcode10Test" */ = {
			isa = XCConfigurationList;
			buildConfigurations = (
				FD6A1FD9217C72C9006B10AC /* Debug */,
				FD6A1FDA217C72C9006B10AC /* Release */,
			);
			defaultConfigurationIsVisible = 0;
			defaultConfigurationName = Release;
		};
/* End XCConfigurationList section */

/* Begin XCRemoteSwiftPackageReference section */
		74CA325525FDEC7D005813FF /* XCRemoteSwiftPackageReference "SwiftyJSON" */ = {
			isa = XCRemoteSwiftPackageReference;
			repositoryURL = "https://github.com/SwiftyJSON/SwiftyJSON";
			requirement = {
				kind = upToNextMajorVersion;
				minimumVersion = 5.0.0;
			};
		};
/* End XCRemoteSwiftPackageReference section */

/* Begin XCSwiftPackageProductDependency section */
		74CA325625FDEC7D005813FF /* SwiftyJSON */ = {
			isa = XCSwiftPackageProductDependency;
			package = 74CA325525FDEC7D005813FF /* XCRemoteSwiftPackageReference "SwiftyJSON" */;
			productName = SwiftyJSON;
		};
/* End XCSwiftPackageProductDependency section */
	};
	rootObject = FD6A1FBE217C72C6006B10AC /* Project object */;
}
